// !$*UTF8*$!
{
	archiveVersion = 1;
	classes = {
	};
	objectVersion = 55;
	objects = {

/* Begin PBXBuildFile section */
		4B446DA327CC08F900221EC3 /* AppDelegate.swift in Sources */ = {isa = PBXBuildFile; fileRef = 4B446DA227CC08F900221EC3 /* AppDelegate.swift */; };
		4B446DA527CC08F900221EC3 /* SceneDelegate.swift in Sources */ = {isa = PBXBuildFile; fileRef = 4B446DA427CC08F900221EC3 /* SceneDelegate.swift */; };
		4B446DAA27CC08F900221EC3 /* Main.storyboard in Resources */ = {isa = PBXBuildFile; fileRef = 4B446DA827CC08F900221EC3 /* Main.storyboard */; };
		4B446DAC27CC08FB00221EC3 /* Assets.xcassets in Resources */ = {isa = PBXBuildFile; fileRef = 4B446DAB27CC08FB00221EC3 /* Assets.xcassets */; };
		4B446DAF27CC08FB00221EC3 /* LaunchScreen.storyboard in Resources */ = {isa = PBXBuildFile; fileRef = 4B446DAD27CC08FB00221EC3 /* LaunchScreen.storyboard */; };
		4BA16BF927CC0EDA0057894C /* URLConstants.swift in Sources */ = {isa = PBXBuildFile; fileRef = 4BA16BF827CC0EDA0057894C /* URLConstants.swift */; };
		4BA16BFB27CC0EED0057894C /* APIKeyFile.swift in Sources */ = {isa = PBXBuildFile; fileRef = 4BA16BFA27CC0EED0057894C /* APIKeyFile.swift */; };
		4BA16BFD27CC10510057894C /* StockShort.swift in Sources */ = {isa = PBXBuildFile; fileRef = 4BA16BFC27CC10510057894C /* StockShort.swift */; };
		4BA16BFF27CC13E70057894C /* StockViewController.swift in Sources */ = {isa = PBXBuildFile; fileRef = 4BA16BFE27CC13E70057894C /* StockViewController.swift */; };
		C2AD9FA4FA48B54CA443A627 /* Pods_StockMasters.framework in Frameworks */ = {isa = PBXBuildFile; fileRef = 022C9F5C01AAE7CF60B46AFB /* Pods_StockMasters.framework */; };
/* End PBXBuildFile section */

/* Begin PBXFileReference section */
		022C9F5C01AAE7CF60B46AFB /* Pods_StockMasters.framework */ = {isa = PBXFileReference; explicitFileType = wrapper.framework; includeInIndex = 0; path = Pods_StockMasters.framework; sourceTree = BUILT_PRODUCTS_DIR; };
		4B446D9F27CC08F900221EC3 /* StockMasters.app */ = {isa = PBXFileReference; explicitFileType = wrapper.application; includeInIndex = 0; path = StockMasters.app; sourceTree = BUILT_PRODUCTS_DIR; };
		4B446DA227CC08F900221EC3 /* AppDelegate.swift */ = {isa = PBXFileReference; lastKnownFileType = sourcecode.swift; path = AppDelegate.swift; sourceTree = "<group>"; };
		4B446DA427CC08F900221EC3 /* SceneDelegate.swift */ = {isa = PBXFileReference; lastKnownFileType = sourcecode.swift; path = SceneDelegate.swift; sourceTree = "<group>"; };
		4B446DA927CC08F900221EC3 /* Base */ = {isa = PBXFileReference; lastKnownFileType = file.storyboard; name = Base; path = Base.lproj/Main.storyboard; sourceTree = "<group>"; };
		4B446DAB27CC08FB00221EC3 /* Assets.xcassets */ = {isa = PBXFileReference; lastKnownFileType = folder.assetcatalog; path = Assets.xcassets; sourceTree = "<group>"; };
		4B446DAE27CC08FB00221EC3 /* Base */ = {isa = PBXFileReference; lastKnownFileType = file.storyboard; name = Base; path = Base.lproj/LaunchScreen.storyboard; sourceTree = "<group>"; };
		4B446DB027CC08FB00221EC3 /* Info.plist */ = {isa = PBXFileReference; lastKnownFileType = text.plist.xml; path = Info.plist; sourceTree = "<group>"; };
		4BA16BF827CC0EDA0057894C /* URLConstants.swift */ = {isa = PBXFileReference; lastKnownFileType = sourcecode.swift; path = URLConstants.swift; sourceTree = "<group>"; };
		4BA16BFA27CC0EED0057894C /* APIKeyFile.swift */ = {isa = PBXFileReference; lastKnownFileType = sourcecode.swift; path = APIKeyFile.swift; sourceTree = "<group>"; };
		4BA16BFC27CC10510057894C /* StockShort.swift */ = {isa = PBXFileReference; lastKnownFileType = sourcecode.swift; path = StockShort.swift; sourceTree = "<group>"; };
		4BA16BFE27CC13E70057894C /* StockViewController.swift */ = {isa = PBXFileReference; lastKnownFileType = sourcecode.swift; path = StockViewController.swift; sourceTree = "<group>"; };
		52DDF366EBD8F5D7CA9785D8 /* Pods-StockMasters.release.xcconfig */ = {isa = PBXFileReference; includeInIndex = 1; lastKnownFileType = text.xcconfig; name = "Pods-StockMasters.release.xcconfig"; path = "Target Support Files/Pods-StockMasters/Pods-StockMasters.release.xcconfig"; sourceTree = "<group>"; };
		876D00916BC1E5F11F5A6DDC /* Pods-StockMasters.debug.xcconfig */ = {isa = PBXFileReference; includeInIndex = 1; lastKnownFileType = text.xcconfig; name = "Pods-StockMasters.debug.xcconfig"; path = "Target Support Files/Pods-StockMasters/Pods-StockMasters.debug.xcconfig"; sourceTree = "<group>"; };
/* End PBXFileReference section */

/* Begin PBXFrameworksBuildPhase section */
		4B446D9C27CC08F900221EC3 /* Frameworks */ = {
			isa = PBXFrameworksBuildPhase;
			buildActionMask = 2147483647;
			files = (
				C2AD9FA4FA48B54CA443A627 /* Pods_StockMasters.framework in Frameworks */,
			);
			runOnlyForDeploymentPostprocessing = 0;
		};
/* End PBXFrameworksBuildPhase section */

/* Begin PBXGroup section */
		4B446D9627CC08F900221EC3 = {
			isa = PBXGroup;
			children = (
				4B446DA127CC08F900221EC3 /* StockMasters */,
				4B446DA027CC08F900221EC3 /* Products */,
				88C884B1B3419A4EC8C4E431 /* Pods */,
				6B79A2701F73EC1515642CB6 /* Frameworks */,
			);
			sourceTree = "<group>";
		};
		4B446DA027CC08F900221EC3 /* Products */ = {
			isa = PBXGroup;
			children = (
				4B446D9F27CC08F900221EC3 /* StockMasters.app */,
			);
			name = Products;
			sourceTree = "<group>";
		};
		4B446DA127CC08F900221EC3 /* StockMasters */ = {
			isa = PBXGroup;
			children = (
				4BA16BF727CC0EB10057894C /* Constants */,
				4BA16BF627CC0E990057894C /* Controller */,
				4BA16BF527CC0E880057894C /* View */,
				4BA16BF427CC0E7F0057894C /* Model */,
				4B446DA227CC08F900221EC3 /* AppDelegate.swift */,
				4B446DA427CC08F900221EC3 /* SceneDelegate.swift */,
				4B446DAB27CC08FB00221EC3 /* Assets.xcassets */,
				4B446DAD27CC08FB00221EC3 /* LaunchScreen.storyboard */,
				4B446DB027CC08FB00221EC3 /* Info.plist */,
			);
			path = StockMasters;
			sourceTree = "<group>";
		};
		4BA16BF427CC0E7F0057894C /* Model */ = {
			isa = PBXGroup;
			children = (
				4BA16BFC27CC10510057894C /* StockShort.swift */,
			);
			path = Model;
			sourceTree = "<group>";
		};
		4BA16BF527CC0E880057894C /* View */ = {
			isa = PBXGroup;
			children = (
				4B446DA827CC08F900221EC3 /* Main.storyboard */,
			);
			path = View;
			sourceTree = "<group>";
		};
		4BA16BF627CC0E990057894C /* Controller */ = {
			isa = PBXGroup;
			children = (
				4BA16BFE27CC13E70057894C /* StockViewController.swift */,
			);
			path = Controller;
			sourceTree = "<group>";
		};
		4BA16BF727CC0EB10057894C /* Constants */ = {
			isa = PBXGroup;
			children = (
				4BA16BF827CC0EDA0057894C /* URLConstants.swift */,
				4BA16BFA27CC0EED0057894C /* APIKeyFile.swift */,
			);
			path = Constants;
			sourceTree = "<group>";
		};
		6B79A2701F73EC1515642CB6 /* Frameworks */ = {
			isa = PBXGroup;
			children = (
				022C9F5C01AAE7CF60B46AFB /* Pods_StockMasters.framework */,
			);
			name = Frameworks;
			sourceTree = "<group>";
		};
		88C884B1B3419A4EC8C4E431 /* Pods */ = {
			isa = PBXGroup;
			children = (
				876D00916BC1E5F11F5A6DDC /* Pods-StockMasters.debug.xcconfig */,
				52DDF366EBD8F5D7CA9785D8 /* Pods-StockMasters.release.xcconfig */,
			);
			path = Pods;
			sourceTree = "<group>";
		};
/* End PBXGroup section */

/* Begin PBXNativeTarget section */
		4B446D9E27CC08F900221EC3 /* StockMasters */ = {
			isa = PBXNativeTarget;
			buildConfigurationList = 4B446DB327CC08FB00221EC3 /* Build configuration list for PBXNativeTarget "StockMasters" */;
			buildPhases = (
				C163A5CEED73151107E2357A /* [CP] Check Pods Manifest.lock */,
				4B446D9B27CC08F900221EC3 /* Sources */,
				4B446D9C27CC08F900221EC3 /* Frameworks */,
				4B446D9D27CC08F900221EC3 /* Resources */,
				0F7F7D9A7186D32C15F43DD9 /* [CP] Embed Pods Frameworks */,
			);
			buildRules = (
			);
			dependencies = (
			);
			name = StockMasters;
			productName = StockMasters;
			productReference = 4B446D9F27CC08F900221EC3 /* StockMasters.app */;
			productType = "com.apple.product-type.application";
		};
/* End PBXNativeTarget section */

/* Begin PBXProject section */
		4B446D9727CC08F900221EC3 /* Project object */ = {
			isa = PBXProject;
			attributes = {
				BuildIndependentTargetsInParallel = 1;
				LastSwiftUpdateCheck = 1320;
				LastUpgradeCheck = 1320;
				TargetAttributes = {
					4B446D9E27CC08F900221EC3 = {
						CreatedOnToolsVersion = 13.2.1;
					};
				};
			};
			buildConfigurationList = 4B446D9A27CC08F900221EC3 /* Build configuration list for PBXProject "StockMasters" */;
			compatibilityVersion = "Xcode 13.0";
			developmentRegion = en;
			hasScannedForEncodings = 0;
			knownRegions = (
				en,
				Base,
			);
			mainGroup = 4B446D9627CC08F900221EC3;
			productRefGroup = 4B446DA027CC08F900221EC3 /* Products */;
			projectDirPath = "";
			projectRoot = "";
			targets = (
				4B446D9E27CC08F900221EC3 /* StockMasters */,
			);
		};
/* End PBXProject section */

/* Begin PBXResourcesBuildPhase section */
		4B446D9D27CC08F900221EC3 /* Resources */ = {
			isa = PBXResourcesBuildPhase;
			buildActionMask = 2147483647;
			files = (
				4B446DAF27CC08FB00221EC3 /* LaunchScreen.storyboard in Resources */,
				4B446DAC27CC08FB00221EC3 /* Assets.xcassets in Resources */,
				4B446DAA27CC08F900221EC3 /* Main.storyboard in Resources */,
			);
			runOnlyForDeploymentPostprocessing = 0;
		};
/* End PBXResourcesBuildPhase section */

/* Begin PBXShellScriptBuildPhase section */
		0F7F7D9A7186D32C15F43DD9 /* [CP] Embed Pods Frameworks */ = {
			isa = PBXShellScriptBuildPhase;
			buildActionMask = 2147483647;
			files = (
			);
			inputFileListPaths = (
				"${PODS_ROOT}/Target Support Files/Pods-StockMasters/Pods-StockMasters-frameworks-${CONFIGURATION}-input-files.xcfilelist",
			);
			name = "[CP] Embed Pods Frameworks";
			outputFileListPaths = (
				"${PODS_ROOT}/Target Support Files/Pods-StockMasters/Pods-StockMasters-frameworks-${CONFIGURATION}-output-files.xcfilelist",
			);
			runOnlyForDeploymentPostprocessing = 0;
			shellPath = /bin/sh;
			shellScript = "\"${PODS_ROOT}/Target Support Files/Pods-StockMasters/Pods-StockMasters-frameworks.sh\"\n";
			showEnvVarsInLog = 0;
		};
		C163A5CEED73151107E2357A /* [CP] Check Pods Manifest.lock */ = {
			isa = PBXShellScriptBuildPhase;
			buildActionMask = 2147483647;
			files = (
			);
			inputFileListPaths = (
			);
			inputPaths = (
				"${PODS_PODFILE_DIR_PATH}/Podfile.lock",
				"${PODS_ROOT}/Manifest.lock",
			);
			name = "[CP] Check Pods Manifest.lock";
			outputFileListPaths = (
			);
			outputPaths = (
				"$(DERIVED_FILE_DIR)/Pods-StockMasters-checkManifestLockResult.txt",
			);
			runOnlyForDeploymentPostprocessing = 0;
			shellPath = /bin/sh;
			shellScript = "diff \"${PODS_PODFILE_DIR_PATH}/Podfile.lock\" \"${PODS_ROOT}/Manifest.lock\" > /dev/null\nif [ $? != 0 ] ; then\n    # print error to STDERR\n    echo \"error: The sandbox is not in sync with the Podfile.lock. Run 'pod install' or update your CocoaPods installation.\" >&2\n    exit 1\nfi\n# This output is used by Xcode 'outputs' to avoid re-running this script phase.\necho \"SUCCESS\" > \"${SCRIPT_OUTPUT_FILE_0}\"\n";
			showEnvVarsInLog = 0;
		};
/* End PBXShellScriptBuildPhase section */

/* Begin PBXSourcesBuildPhase section */
		4B446D9B27CC08F900221EC3 /* Sources */ = {
			isa = PBXSourcesBuildPhase;
			buildActionMask = 2147483647;
			files = (
				4BA16BF927CC0EDA0057894C /* URLConstants.swift in Sources */,
				4BA16BFF27CC13E70057894C /* StockViewController.swift in Sources */,
				4B446DA327CC08F900221EC3 /* AppDelegate.swift in Sources */,
				4BA16BFD27CC10510057894C /* StockShort.swift in Sources */,
				4B446DA527CC08F900221EC3 /* SceneDelegate.swift in Sources */,
				4BA16BFB27CC0EED0057894C /* APIKeyFile.swift in Sources */,
			);
			runOnlyForDeploymentPostprocessing = 0;
		};
/* End PBXSourcesBuildPhase section */

/* Begin PBXVariantGroup section */
		4B446DA827CC08F900221EC3 /* Main.storyboard */ = {
			isa = PBXVariantGroup;
			children = (
				4B446DA927CC08F900221EC3 /* Base */,
			);
			name = Main.storyboard;
			sourceTree = "<group>";
		};
		4B446DAD27CC08FB00221EC3 /* LaunchScreen.storyboard */ = {
			isa = PBXVariantGroup;
			children = (
				4B446DAE27CC08FB00221EC3 /* Base */,
			);
			name = LaunchScreen.storyboard;
			sourceTree = "<group>";
		};
/* End PBXVariantGroup section */

/* Begin XCBuildConfiguration section */
		4B446DB127CC08FB00221EC3 /* Debug */ = {
			isa = XCBuildConfiguration;
			buildSettings = {
				ALWAYS_SEARCH_USER_PATHS = NO;
				CLANG_ANALYZER_NONNULL = YES;
				CLANG_ANALYZER_NUMBER_OBJECT_CONVERSION = YES_AGGRESSIVE;
				CLANG_CXX_LANGUAGE_STANDARD = "gnu++17";
				CLANG_CXX_LIBRARY = "libc++";
				CLANG_ENABLE_MODULES = YES;
				CLANG_ENABLE_OBJC_ARC = YES;
				CLANG_ENABLE_OBJC_WEAK = YES;
				CLANG_WARN_BLOCK_CAPTURE_AUTORELEASING = YES;
				CLANG_WARN_BOOL_CONVERSION = YES;
				CLANG_WARN_COMMA = YES;
				CLANG_WARN_CONSTANT_CONVERSION = YES;
				CLANG_WARN_DEPRECATED_OBJC_IMPLEMENTATIONS = YES;
				CLANG_WARN_DIRECT_OBJC_ISA_USAGE = YES_ERROR;
				CLANG_WARN_DOCUMENTATION_COMMENTS = YES;
				CLANG_WARN_EMPTY_BODY = YES;
				CLANG_WARN_ENUM_CONVERSION = YES;
				CLANG_WARN_INFINITE_RECURSION = YES;
				CLANG_WARN_INT_CONVERSION = YES;
				CLANG_WARN_NON_LITERAL_NULL_CONVERSION = YES;
				CLANG_WARN_OBJC_IMPLICIT_RETAIN_SELF = YES;
				CLANG_WARN_OBJC_LITERAL_CONVERSION = YES;
				CLANG_WARN_OBJC_ROOT_CLASS = YES_ERROR;
				CLANG_WARN_QUOTED_INCLUDE_IN_FRAMEWORK_HEADER = YES;
				CLANG_WARN_RANGE_LOOP_ANALYSIS = YES;
				CLANG_WARN_STRICT_PROTOTYPES = YES;
				CLANG_WARN_SUSPICIOUS_MOVE = YES;
				CLANG_WARN_UNGUARDED_AVAILABILITY = YES_AGGRESSIVE;
				CLANG_WARN_UNREACHABLE_CODE = YES;
				CLANG_WARN__DUPLICATE_METHOD_MATCH = YES;
				COPY_PHASE_STRIP = NO;
				DEBUG_INFORMATION_FORMAT = dwarf;
				ENABLE_STRICT_OBJC_MSGSEND = YES;
				ENABLE_TESTABILITY = YES;
				GCC_C_LANGUAGE_STANDARD = gnu11;
				GCC_DYNAMIC_NO_PIC = NO;
				GCC_NO_COMMON_BLOCKS = YES;
				GCC_OPTIMIZATION_LEVEL = 0;
				GCC_PREPROCESSOR_DEFINITIONS = (
					"DEBUG=1",
					"$(inherited)",
				);
				GCC_WARN_64_TO_32_BIT_CONVERSION = YES;
				GCC_WARN_ABOUT_RETURN_TYPE = YES_ERROR;
				GCC_WARN_UNDECLARED_SELECTOR = YES;
				GCC_WARN_UNINITIALIZED_AUTOS = YES_AGGRESSIVE;
				GCC_WARN_UNUSED_FUNCTION = YES;
				GCC_WARN_UNUSED_VARIABLE = YES;
				IPHONEOS_DEPLOYMENT_TARGET = 15.2;
				MTL_ENABLE_DEBUG_INFO = INCLUDE_SOURCE;
				MTL_FAST_MATH = YES;
				ONLY_ACTIVE_ARCH = YES;
				SDKROOT = iphoneos;
				SWIFT_ACTIVE_COMPILATION_CONDITIONS = DEBUG;
				SWIFT_OPTIMIZATION_LEVEL = "-Onone";
			};
			name = Debug;
		};
		4B446DB227CC08FB00221EC3 /* Release */ = {
			isa = XCBuildConfiguration;
			buildSettings = {
				ALWAYS_SEARCH_USER_PATHS = NO;
				CLANG_ANALYZER_NONNULL = YES;
				CLANG_ANALYZER_NUMBER_OBJECT_CONVERSION = YES_AGGRESSIVE;
				CLANG_CXX_LANGUAGE_STANDARD = "gnu++17";
				CLANG_CXX_LIBRARY = "libc++";
				CLANG_ENABLE_MODULES = YES;
				CLANG_ENABLE_OBJC_ARC = YES;
				CLANG_ENABLE_OBJC_WEAK = YES;
				CLANG_WARN_BLOCK_CAPTURE_AUTORELEASING = YES;
				CLANG_WARN_BOOL_CONVERSION = YES;
				CLANG_WARN_COMMA = YES;
				CLANG_WARN_CONSTANT_CONVERSION = YES;
				CLANG_WARN_DEPRECATED_OBJC_IMPLEMENTATIONS = YES;
				CLANG_WARN_DIRECT_OBJC_ISA_USAGE = YES_ERROR;
				CLANG_WARN_DOCUMENTATION_COMMENTS = YES;
				CLANG_WARN_EMPTY_BODY = YES;
				CLANG_WARN_ENUM_CONVERSION = YES;
				CLANG_WARN_INFINITE_RECURSION = YES;
				CLANG_WARN_INT_CONVERSION = YES;
				CLANG_WARN_NON_LITERAL_NULL_CONVERSION = YES;
				CLANG_WARN_OBJC_IMPLICIT_RETAIN_SELF = YES;
				CLANG_WARN_OBJC_LITERAL_CONVERSION = YES;
				CLANG_WARN_OBJC_ROOT_CLASS = YES_ERROR;
				CLANG_WARN_QUOTED_INCLUDE_IN_FRAMEWORK_HEADER = YES;
				CLANG_WARN_RANGE_LOOP_ANALYSIS = YES;
				CLANG_WARN_STRICT_PROTOTYPES = YES;
				CLANG_WARN_SUSPICIOUS_MOVE = YES;
				CLANG_WARN_UNGUARDED_AVAILABILITY = YES_AGGRESSIVE;
				CLANG_WARN_UNREACHABLE_CODE = YES;
				CLANG_WARN__DUPLICATE_METHOD_MATCH = YES;
				COPY_PHASE_STRIP = NO;
				DEBUG_INFORMATION_FORMAT = "dwarf-with-dsym";
				ENABLE_NS_ASSERTIONS = NO;
				ENABLE_STRICT_OBJC_MSGSEND = YES;
				GCC_C_LANGUAGE_STANDARD = gnu11;
				GCC_NO_COMMON_BLOCKS = YES;
				GCC_WARN_64_TO_32_BIT_CONVERSION = YES;
				GCC_WARN_ABOUT_RETURN_TYPE = YES_ERROR;
				GCC_WARN_UNDECLARED_SELECTOR = YES;
				GCC_WARN_UNINITIALIZED_AUTOS = YES_AGGRESSIVE;
				GCC_WARN_UNUSED_FUNCTION = YES;
				GCC_WARN_UNUSED_VARIABLE = YES;
				IPHONEOS_DEPLOYMENT_TARGET = 15.2;
				MTL_ENABLE_DEBUG_INFO = NO;
				MTL_FAST_MATH = YES;
				SDKROOT = iphoneos;
				SWIFT_COMPILATION_MODE = wholemodule;
				SWIFT_OPTIMIZATION_LEVEL = "-O";
				VALIDATE_PRODUCT = YES;
			};
			name = Release;
		};
		4B446DB427CC08FB00221EC3 /* Debug */ = {
			isa = XCBuildConfiguration;
			baseConfigurationReference = 876D00916BC1E5F11F5A6DDC /* Pods-StockMasters.debug.xcconfig */;
			buildSettings = {
				ASSETCATALOG_COMPILER_APPICON_NAME = AppIcon;
				ASSETCATALOG_COMPILER_GLOBAL_ACCENT_COLOR_NAME = AccentColor;
				CODE_SIGN_STYLE = Automatic;
				CURRENT_PROJECT_VERSION = 1;
				GENERATE_INFOPLIST_FILE = YES;
				INFOPLIST_FILE = StockMasters/Info.plist;
				INFOPLIST_KEY_UIApplicationSupportsIndirectInputEvents = YES;
				INFOPLIST_KEY_UILaunchStoryboardName = LaunchScreen;
				INFOPLIST_KEY_UIMainStoryboardFile = Main;
				INFOPLIST_KEY_UISupportedInterfaceOrientations_iPad = "UIInterfaceOrientationPortrait UIInterfaceOrientationPortraitUpsideDown UIInterfaceOrientationLandscapeLeft UIInterfaceOrientationLandscapeRight";
				INFOPLIST_KEY_UISupportedInterfaceOrientations_iPhone = "UIInterfaceOrientationPortrait UIInterfaceOrientationLandscapeLeft UIInterfaceOrientationLandscapeRight";
				LD_RUNPATH_SEARCH_PATHS = (
					"$(inherited)",
					"@executable_path/Frameworks",
				);
				MARKETING_VERSION = 1.0;
				PRODUCT_BUNDLE_IDENTIFIER = Junye.Lin.StockMasters;
				PRODUCT_NAME = "$(TARGET_NAME)";
				SWIFT_EMIT_LOC_STRINGS = YES;
				SWIFT_VERSION = 5.0;
				TARGETED_DEVICE_FAMILY = "1,2";
			};
			name = Debug;
		};
		4B446DB527CC08FB00221EC3 /* Release */ = {
			isa = XCBuildConfiguration;
			baseConfigurationReference = 52DDF366EBD8F5D7CA9785D8 /* Pods-StockMasters.release.xcconfig */;
			buildSettings = {
				ASSETCATALOG_COMPILER_APPICON_NAME = AppIcon;
				ASSETCATALOG_COMPILER_GLOBAL_ACCENT_COLOR_NAME = AccentColor;
				CODE_SIGN_STYLE = Automatic;
				CURRENT_PROJECT_VERSION = 1;
				GENERATE_INFOPLIST_FILE = YES;
				INFOPLIST_FILE = StockMasters/Info.plist;
				INFOPLIST_KEY_UIApplicationSupportsIndirectInputEvents = YES;
				INFOPLIST_KEY_UILaunchStoryboardName = LaunchScreen;
				INFOPLIST_KEY_UIMainStoryboardFile = Main;
				INFOPLIST_KEY_UISupportedInterfaceOrientations_iPad = "UIInterfaceOrientationPortrait UIInterfaceOrientationPortraitUpsideDown UIInterfaceOrientationLandscapeLeft UIInterfaceOrientationLandscapeRight";
				INFOPLIST_KEY_UISupportedInterfaceOrientations_iPhone = "UIInterfaceOrientationPortrait UIInterfaceOrientationLandscapeLeft UIInterfaceOrientationLandscapeRight";
				LD_RUNPATH_SEARCH_PATHS = (
					"$(inherited)",
					"@executable_path/Frameworks",
				);
				MARKETING_VERSION = 1.0;
				PRODUCT_BUNDLE_IDENTIFIER = Junye.Lin.StockMasters;
				PRODUCT_NAME = "$(TARGET_NAME)";
				SWIFT_EMIT_LOC_STRINGS = YES;
				SWIFT_VERSION = 5.0;
				TARGETED_DEVICE_FAMILY = "1,2";
			};
			name = Release;
		};
/* End XCBuildConfiguration section */

/* Begin XCConfigurationList section */
		4B446D9A27CC08F900221EC3 /* Build configuration list for PBXProject "StockMasters" */ = {
			isa = XCConfigurationList;
			buildConfigurations = (
				4B446DB127CC08FB00221EC3 /* Debug */,
				4B446DB227CC08FB00221EC3 /* Release */,
			);
			defaultConfigurationIsVisible = 0;
			defaultConfigurationName = Release;
		};
		4B446DB327CC08FB00221EC3 /* Build configuration list for PBXNativeTarget "StockMasters" */ = {
			isa = XCConfigurationList;
			buildConfigurations = (
				4B446DB427CC08FB00221EC3 /* Debug */,
				4B446DB527CC08FB00221EC3 /* Release */,
			);
			defaultConfigurationIsVisible = 0;
			defaultConfigurationName = Release;
		};
/* End XCConfigurationList section */
	};
	rootObject = 4B446D9727CC08F900221EC3 /* Project object */;
}
